
Microsoft Visual Studio Solution File, Format Version 12.00
# Visual Studio Version 17
VisualStudioVersion = 17.3.32929.385
MinimumVisualStudioVersion = 10.0.40219.1
Project("{FAE04EC0-301F-11D3-BF4B-00C04F79EFBC}") = "Corey's Knick Knacks", "Corey's Knick Knacks.csproj", "{65FB70B9-A546-48A2-A218-259CBDC64603}"
EndProject
Global
	GlobalSection(SolutionConfigurationPlatforms) = preSolution
		Debug|Any CPU = Debug|Any CPU
		Release|Any CPU = Release|Any CPU
	EndGlobalSection
	GlobalSection(ProjectConfigurationPlatforms) = postSolution
		{65FB70B9-A546-48A2-A218-259CBDC64603}.Debug|Any CPU.ActiveCfg = Debug|Any CPU
		{65FB70B9-A546-48A2-A218-259CBDC64603}.Debug|Any CPU.Build.0 = Debug|Any CPU
		{65FB70B9-A546-48A2-A218-259CBDC64603}.Release|Any CPU.ActiveCfg = Release|Any CPU
		{65FB70B9-A546-48A2-A218-259CBDC64603}.Release|Any CPU.Build.0 = Release|Any CPU
	EndGlobalSection
	GlobalSection(SolutionProperties) = preSolution
		HideSolutionNode = FALSE
	EndGlobalSection
	GlobalSection(ExtensibilityGlobals) = postSolution
		SolutionGuid = {F29A50B3-0A87-44F4-97DD-656E6812B078}
	EndGlobalSection
EndGlobal
